{
  "name": "talearchitect-plugin-templates",
  "lockfileVersion": 3,
  "requires": true,
  "packages": {
    "": {
      "devDependencies": {
        "talearchitect-api": "^1.1.0"
      }
    },
    "node_modules/talearchitect-api": {
      "version": "1.1.0",
      "resolved": "https://registry.npmjs.org/talearchitect-api/-/talearchitect-api-1.1.0.tgz",
      "integrity": "sha512-hC/op2s1T5lbq1uYvlEB5+qfDVMJ4D9Dv0ae0t0bg4rLAYD0LY2Pj6DGSK36uby5Yr9HtgvozBezj6lA2z4MCg==",
      "dev": true,
      "license": "MIT"
    }
  }
}
